
Microsoft Visual Studio Solution File, Format Version 12.00
# Visual Studio Version 17
VisualStudioVersion = 17.2.32526.322
MinimumVisualStudioVersion = 10.0.40219.1
Project("{FAE04EC0-301F-11D3-BF4B-00C04F79EFBC}") = "TimeSheets.API", "TimeSheet.API\TimeSheets.API.csproj", "{10A1C581-43F5-4942-B926-A983061AC19E}"
EndProject
Global
	GlobalSection(SolutionConfigurationPlatforms) = preSolution
		Debug|Any CPU = Debug|Any CPU
		Release|Any CPU = Release|Any CPU
	EndGlobalSection
	GlobalSection(ProjectConfigurationPlatforms) = postSolution
		{10A1C581-43F5-4942-B926-A983061AC19E}.Debug|Any CPU.ActiveCfg = Debug|Any CPU
		{10A1C581-43F5-4942-B926-A983061AC19E}.Debug|Any CPU.Build.0 = Debug|Any CPU
		{10A1C581-43F5-4942-B926-A983061AC19E}.Release|Any CPU.ActiveCfg = Release|Any CPU
		{10A1C581-43F5-4942-B926-A983061AC19E}.Release|Any CPU.Build.0 = Release|Any CPU
	EndGlobalSection
	GlobalSection(SolutionProperties) = preSolution
		HideSolutionNode = FALSE
	EndGlobalSection
	GlobalSection(ExtensibilityGlobals) = postSolution
		SolutionGuid = {B44D19B4-8C00-48DB-90FB-C3BF3FE4A593}
	EndGlobalSection
EndGlobal
